{
  "name": "date-planner-app",
  "version": "1.0.0",
  "lockfileVersion": 1,
  "requires": true,
  "dependencies": {
    "react-carousel-slider": {
      "version": "2.0.13",
      "resolved": "https://registry.npmjs.org/react-carousel-slider/-/react-carousel-slider-2.0.13.tgz",
      "integrity": "sha1-tsj9T936oVpXOlzFbdpiSFgRDok="
    }
  }
}
